
Microsoft Visual Studio Solution File, Format Version 12.00
# Visual Studio Version 17
VisualStudioVersion = 17.14.36221.1 d17.14
MinimumVisualStudioVersion = 10.0.40219.1
Project("{888888A0-9F3D-457C-B088-3A5042F75D52}") = "ProgrameTestPy", "ProgrameTestPy\ProgrameTestPy.pyproj", "{F367185A-CBED-428A-94B2-22D033766FBC}"
EndProject
Global
	GlobalSection(SolutionConfigurationPlatforms) = preSolution
		Debug|Any CPU = Debug|Any CPU
		Release|Any CPU = Release|Any CPU
	EndGlobalSection
	GlobalSection(ProjectConfigurationPlatforms) = postSolution
		{F367185A-CBED-428A-94B2-22D033766FBC}.Debug|Any CPU.ActiveCfg = Debug|Any CPU
		{F367185A-CBED-428A-94B2-22D033766FBC}.Release|Any CPU.ActiveCfg = Release|Any CPU
	EndGlobalSection
	GlobalSection(SolutionProperties) = preSolution
		HideSolutionNode = FALSE
	EndGlobalSection
	GlobalSection(ExtensibilityGlobals) = postSolution
		SolutionGuid = {3C919218-2811-4BC7-86A2-7CF2E23239EC}
	EndGlobalSection
EndGlobal
